
Microsoft Visual Studio Solution File, Format Version 12.00
# Visual Studio Version 16
VisualStudioVersion = 16.0.31105.61
MinimumVisualStudioVersion = 10.0.40219.1
Project("{8BC9CEB8-8B4A-11D0-8D11-00A0C91BC942}") = "Family Computer Simulator", "src\Family Computer Simulator.vcxproj", "{67EC0CDF-4572-447B-B6B7-CA53CBA7C6BE}"
EndProject
Global
	GlobalSection(SolutionConfigurationPlatforms) = preSolution
		Debug|x64 = Debug|x64
		Release|x64 = Release|x64
	EndGlobalSection
	GlobalSection(ProjectConfigurationPlatforms) = postSolution
		{67EC0CDF-4572-447B-B6B7-CA53CBA7C6BE}.Debug|x64.ActiveCfg = Debug|x64
		{67EC0CDF-4572-447B-B6B7-CA53CBA7C6BE}.Debug|x64.Build.0 = Debug|x64
		{67EC0CDF-4572-447B-B6B7-CA53CBA7C6BE}.Release|x64.ActiveCfg = Release|x64
		{67EC0CDF-4572-447B-B6B7-CA53CBA7C6BE}.Release|x64.Build.0 = Release|x64
	EndGlobalSection
	GlobalSection(SolutionProperties) = preSolution
		HideSolutionNode = FALSE
	EndGlobalSection
	GlobalSection(ExtensibilityGlobals) = postSolution
		SolutionGuid = {FC86270D-8A8B-45C0-90E3-7DF46ED4F728}
	EndGlobalSection
EndGlobal
